
Microsoft Visual Studio Solution File, Format Version 12.00
# Visual Studio Version 17
VisualStudioVersion = 17.9.34728.123
MinimumVisualStudioVersion = 10.0.40219.1
Project("{FAE04EC0-301F-11D3-BF4B-00C04F79EFBC}") = "Practice01", "Practice01\Practice01.csproj", "{C3C51DA0-827D-42F4-863F-BCF0907D9205}"
EndProject
Project("{FAE04EC0-301F-11D3-BF4B-00C04F79EFBC}") = "Practice2", "Practice2\Practice2.csproj", "{CDE43092-2876-4F28-BF8D-D1D76398DBF7}"
EndProject
Global
	GlobalSection(SolutionConfigurationPlatforms) = preSolution
		Debug|Any CPU = Debug|Any CPU
		Release|Any CPU = Release|Any CPU
	EndGlobalSection
	GlobalSection(ProjectConfigurationPlatforms) = postSolution
		{C3C51DA0-827D-42F4-863F-BCF0907D9205}.Debug|Any CPU.ActiveCfg = Debug|Any CPU
		{C3C51DA0-827D-42F4-863F-BCF0907D9205}.Debug|Any CPU.Build.0 = Debug|Any CPU
		{C3C51DA0-827D-42F4-863F-BCF0907D9205}.Release|Any CPU.ActiveCfg = Release|Any CPU
		{C3C51DA0-827D-42F4-863F-BCF0907D9205}.Release|Any CPU.Build.0 = Release|Any CPU
		{CDE43092-2876-4F28-BF8D-D1D76398DBF7}.Debug|Any CPU.ActiveCfg = Debug|Any CPU
		{CDE43092-2876-4F28-BF8D-D1D76398DBF7}.Debug|Any CPU.Build.0 = Debug|Any CPU
		{CDE43092-2876-4F28-BF8D-D1D76398DBF7}.Release|Any CPU.ActiveCfg = Release|Any CPU
		{CDE43092-2876-4F28-BF8D-D1D76398DBF7}.Release|Any CPU.Build.0 = Release|Any CPU
	EndGlobalSection
	GlobalSection(SolutionProperties) = preSolution
		HideSolutionNode = FALSE
	EndGlobalSection
	GlobalSection(ExtensibilityGlobals) = postSolution
		SolutionGuid = {274A525A-1435-4BDF-B1A7-C04FCA8B0C3B}
	EndGlobalSection
EndGlobal
